
Microsoft Visual Studio Solution File, Format Version 12.00
# Visual Studio 2013
VisualStudioVersion = 12.0.31101.0
MinimumVisualStudioVersion = 10.0.40219.1
Project("{8BC9CEB8-8B4A-11D0-8D11-00A0C91BC942}") = "sgt2wav", "sgt2wav.vcxproj", "{84C83E50-7BB4-437B-8D97-1D8C1082F78C}"
EndProject
Global
	GlobalSection(SolutionConfigurationPlatforms) = preSolution
		Debug|Win32 = Debug|Win32
		Debug|x64 = Debug|x64
		Release|Win32 = Release|Win32
		Release|x64 = Release|x64
	EndGlobalSection
	GlobalSection(ProjectConfigurationPlatforms) = postSolution
		{84C83E50-7BB4-437B-8D97-1D8C1082F78C}.Debug|Win32.ActiveCfg = Debug|Win32
		{84C83E50-7BB4-437B-8D97-1D8C1082F78C}.Debug|Win32.Build.0 = Debug|Win32
		{84C83E50-7BB4-437B-8D97-1D8C1082F78C}.Debug|x64.ActiveCfg = Debug|x64
		{84C83E50-7BB4-437B-8D97-1D8C1082F78C}.Debug|x64.Build.0 = Debug|x64
		{84C83E50-7BB4-437B-8D97-1D8C1082F78C}.Release|Win32.ActiveCfg = Release|Win32
		{84C83E50-7BB4-437B-8D97-1D8C1082F78C}.Release|Win32.Build.0 = Release|Win32
		{84C83E50-7BB4-437B-8D97-1D8C1082F78C}.Release|x64.ActiveCfg = Release|x64
		{84C83E50-7BB4-437B-8D97-1D8C1082F78C}.Release|x64.Build.0 = Release|x64
	EndGlobalSection
	GlobalSection(SolutionProperties) = preSolution
		HideSolutionNode = FALSE
	EndGlobalSection
EndGlobal
